
Microsoft Visual Studio Solution File, Format Version 12.00
# Visual Studio Version 16
VisualStudioVersion = 16.0.30223.230
MinimumVisualStudioVersion = 10.0.40219.1
Project("{FAE04EC0-301F-11D3-BF4B-00C04F79EFBC}") = "MovieSolution", "MovieSolution\MovieSolution.csproj", "{A7ACA416-A140-42FC-A33E-28D1FCF834BD}"
EndProject
Global
	GlobalSection(SolutionConfigurationPlatforms) = preSolution
		Debug|Any CPU = Debug|Any CPU
		Release|Any CPU = Release|Any CPU
	EndGlobalSection
	GlobalSection(ProjectConfigurationPlatforms) = postSolution
		{A7ACA416-A140-42FC-A33E-28D1FCF834BD}.Debug|Any CPU.ActiveCfg = Debug|Any CPU
		{A7ACA416-A140-42FC-A33E-28D1FCF834BD}.Debug|Any CPU.Build.0 = Debug|Any CPU
		{A7ACA416-A140-42FC-A33E-28D1FCF834BD}.Release|Any CPU.ActiveCfg = Release|Any CPU
		{A7ACA416-A140-42FC-A33E-28D1FCF834BD}.Release|Any CPU.Build.0 = Release|Any CPU
	EndGlobalSection
	GlobalSection(SolutionProperties) = preSolution
		HideSolutionNode = FALSE
	EndGlobalSection
	GlobalSection(ExtensibilityGlobals) = postSolution
		SolutionGuid = {256EE3BB-BDE1-441B-8979-415CCFA5EC0F}
	EndGlobalSection
EndGlobal
